
Microsoft Visual Studio Solution File, Format Version 12.00
# Visual Studio 2013
VisualStudioVersion = 12.0.40629.0
MinimumVisualStudioVersion = 10.0.40219.1
Project("{8BC9CEB8-8B4A-11D0-8D11-00A0C91BC942}") = "libsword", "..\..\lib\vcppmake\libsword.vcxproj", "{97449E5E-F880-4D22-933A-0D2FC32034D4}"
EndProject
Project("{8BC9CEB8-8B4A-11D0-8D11-00A0C91BC942}") = "osis2mod", "osis2mod.vcxproj", "{3D885A23-DA8F-43C1-B241-7F44CA7AAF75}"
EndProject
Project("{8BC9CEB8-8B4A-11D0-8D11-00A0C91BC942}") = "addgb", "addgb.vcxproj", "{76895767-61D0-41E6-B92D-FD541BB26D32}"
EndProject
Project("{8BC9CEB8-8B4A-11D0-8D11-00A0C91BC942}") = "addld", "addld.vcxproj", "{BBB6D2DE-D890-4758-85CF-8057B93CF6C2}"
EndProject
Project("{8BC9CEB8-8B4A-11D0-8D11-00A0C91BC942}") = "addvs", "addvs.vcxproj", "{CFF1021E-B878-481A-851B-2B226701D525}"
EndProject
Project("{8BC9CEB8-8B4A-11D0-8D11-00A0C91BC942}") = "emptyvss", "emptyvss.vcxproj", "{A55BEE98-25BB-463D-9016-14CA4567DFBF}"
EndProject
Project("{8BC9CEB8-8B4A-11D0-8D11-00A0C91BC942}") = "imp2ld", "imp2ld.vcxproj", "{BD50701C-6BD3-4A02-9A2C-E9A3D5CC6A78}"
EndProject
Project("{8BC9CEB8-8B4A-11D0-8D11-00A0C91BC942}") = "imp2vs", "imp2vs.vcxproj", "{5637456D-5B83-4C12-A129-708FC8CF0B33}"
EndProject
Project("{8BC9CEB8-8B4A-11D0-8D11-00A0C91BC942}") = "installmgr", "installmgr.vcxproj", "{8EBC3D0A-F056-42BB-B18A-2FE18EAE5332}"
EndProject
Project("{8BC9CEB8-8B4A-11D0-8D11-00A0C91BC942}") = "mkfastmod", "mkfastmod.vcxproj", "{DB592F77-25DC-4005-BD49-6D0E50303844}"
EndProject
Project("{8BC9CEB8-8B4A-11D0-8D11-00A0C91BC942}") = "mod2imp", "mod2imp.vcxproj", "{95B74350-2DAB-4CA9-BAFB-A5EB264765A1}"
EndProject
Project("{8BC9CEB8-8B4A-11D0-8D11-00A0C91BC942}") = "mod2osis", "mod2osis.vcxproj", "{B5D19969-5285-4B0E-B798-496A0B8DCA61}"
EndProject
Project("{8BC9CEB8-8B4A-11D0-8D11-00A0C91BC942}") = "mod2vpl", "mod2vpl.vcxproj", "{0C43604F-08D6-490C-BDFD-1B6CACB59740}"
EndProject
Project("{8BC9CEB8-8B4A-11D0-8D11-00A0C91BC942}") = "mod2zmod", "mod2zmod.vcxproj", "{4E58EE7D-2B4B-42F0-8578-A23883CA6C31}"
EndProject
Project("{8BC9CEB8-8B4A-11D0-8D11-00A0C91BC942}") = "step2vpl", "step2vpl.vcxproj", "{43B53430-3C91-4A11-8A1F-5873AEEE0926}"
EndProject
Project("{8BC9CEB8-8B4A-11D0-8D11-00A0C91BC942}") = "stepdump", "stepdump.vcxproj", "{D37BC2BB-E54F-4CA2-8CED-C8FCED4E57B9}"
EndProject
Project("{8BC9CEB8-8B4A-11D0-8D11-00A0C91BC942}") = "tei2mod", "tei2mod.vcxproj", "{86D28D9A-2D6A-49A3-A790-275C0CAE14C9}"
EndProject
Project("{8BC9CEB8-8B4A-11D0-8D11-00A0C91BC942}") = "treeidxutil", "treeidxutil.vcxproj", "{5638CD25-87F7-4A22-AF6D-EBECCD26B35B}"
EndProject
Project("{8BC9CEB8-8B4A-11D0-8D11-00A0C91BC942}") = "vs2osisref", "vs2osisref.vcxproj", "{DFDB8804-5D6C-448F-A935-DD85629E0554}"
EndProject
Project("{8BC9CEB8-8B4A-11D0-8D11-00A0C91BC942}") = "vs2osisreftxt", "vs2osisreftxt.vcxproj", "{B3EB374E-A3C5-4C69-BAE5-B1030288E3B0}"
EndProject
Project("{8BC9CEB8-8B4A-11D0-8D11-00A0C91BC942}") = "xml2gbs", "xml2gbs.vcxproj", "{87116D0C-E498-4193-9F2D-301A8771B77D}"
EndProject
Project("{8BC9CEB8-8B4A-11D0-8D11-00A0C91BC942}") = "genbookutil", "genbookutil.vcxproj", "{5C28B5F4-0523-4811-920D-3DB1D3D8CAAA}"
EndProject
Project("{8BC9CEB8-8B4A-11D0-8D11-00A0C91BC942}") = "modwrite", "modwrite.vcxproj", "{45C674C0-193D-47AF-B9E0-61A4DE57D3E0}"
EndProject
Project("{8BC9CEB8-8B4A-11D0-8D11-00A0C91BC942}") = "vpl2mod", "vpl2mod.vcxproj", "{7192CF83-B08C-4387-A869-FD1970167115}"
EndProject
Project("{8BC9CEB8-8B4A-11D0-8D11-00A0C91BC942}") = "lexdump", "lexdump.vcxproj", "{D1115CD8-3810-48B0-8A21-F695016C3557}"
EndProject
Global
	GlobalSection(SolutionConfigurationPlatforms) = preSolution
		Debug|Win32 = Debug|Win32
		Release|Win32 = Release|Win32
	EndGlobalSection
	GlobalSection(ProjectConfigurationPlatforms) = postSolution
		{97449E5E-F880-4D22-933A-0D2FC32034D4}.Debug|Win32.ActiveCfg = Debug|Win32
		{97449E5E-F880-4D22-933A-0D2FC32034D4}.Debug|Win32.Build.0 = Debug|Win32
		{97449E5E-F880-4D22-933A-0D2FC32034D4}.Release|Win32.ActiveCfg = Release|Win32
		{97449E5E-F880-4D22-933A-0D2FC32034D4}.Release|Win32.Build.0 = Release|Win32
		{3D885A23-DA8F-43C1-B241-7F44CA7AAF75}.Debug|Win32.ActiveCfg = Debug|Win32
		{3D885A23-DA8F-43C1-B241-7F44CA7AAF75}.Debug|Win32.Build.0 = Debug|Win32
		{3D885A23-DA8F-43C1-B241-7F44CA7AAF75}.Release|Win32.ActiveCfg = Release|Win32
		{3D885A23-DA8F-43C1-B241-7F44CA7AAF75}.Release|Win32.Build.0 = Release|Win32
		{76895767-61D0-41E6-B92D-FD541BB26D32}.Debug|Win32.ActiveCfg = Debug|Win32
		{76895767-61D0-41E6-B92D-FD541BB26D32}.Debug|Win32.Build.0 = Debug|Win32
		{76895767-61D0-41E6-B92D-FD541BB26D32}.Release|Win32.ActiveCfg = Release|Win32
		{76895767-61D0-41E6-B92D-FD541BB26D32}.Release|Win32.Build.0 = Release|Win32
		{BBB6D2DE-D890-4758-85CF-8057B93CF6C2}.Debug|Win32.ActiveCfg = Debug|Win32
		{BBB6D2DE-D890-4758-85CF-8057B93CF6C2}.Debug|Win32.Build.0 = Debug|Win32
		{BBB6D2DE-D890-4758-85CF-8057B93CF6C2}.Release|Win32.ActiveCfg = Release|Win32
		{BBB6D2DE-D890-4758-85CF-8057B93CF6C2}.Release|Win32.Build.0 = Release|Win32
		{CFF1021E-B878-481A-851B-2B226701D525}.Debug|Win32.ActiveCfg = Debug|Win32
		{CFF1021E-B878-481A-851B-2B226701D525}.Debug|Win32.Build.0 = Debug|Win32
		{CFF1021E-B878-481A-851B-2B226701D525}.Release|Win32.ActiveCfg = Release|Win32
		{CFF1021E-B878-481A-851B-2B226701D525}.Release|Win32.Build.0 = Release|Win32
		{A55BEE98-25BB-463D-9016-14CA4567DFBF}.Debug|Win32.ActiveCfg = Debug|Win32
		{A55BEE98-25BB-463D-9016-14CA4567DFBF}.Debug|Win32.Build.0 = Debug|Win32
		{A55BEE98-25BB-463D-9016-14CA4567DFBF}.Release|Win32.ActiveCfg = Release|Win32
		{A55BEE98-25BB-463D-9016-14CA4567DFBF}.Release|Win32.Build.0 = Release|Win32
		{BD50701C-6BD3-4A02-9A2C-E9A3D5CC6A78}.Debug|Win32.ActiveCfg = Debug|Win32
		{BD50701C-6BD3-4A02-9A2C-E9A3D5CC6A78}.Debug|Win32.Build.0 = Debug|Win32
		{BD50701C-6BD3-4A02-9A2C-E9A3D5CC6A78}.Release|Win32.ActiveCfg = Release|Win32
		{BD50701C-6BD3-4A02-9A2C-E9A3D5CC6A78}.Release|Win32.Build.0 = Release|Win32
		{5637456D-5B83-4C12-A129-708FC8CF0B33}.Debug|Win32.ActiveCfg = Debug|Win32
		{5637456D-5B83-4C12-A129-708FC8CF0B33}.Debug|Win32.Build.0 = Debug|Win32
		{5637456D-5B83-4C12-A129-708FC8CF0B33}.Release|Win32.ActiveCfg = Release|Win32
		{5637456D-5B83-4C12-A129-708FC8CF0B33}.Release|Win32.Build.0 = Release|Win32
		{8EBC3D0A-F056-42BB-B18A-2FE18EAE5332}.Debug|Win32.ActiveCfg = Debug|Win32
		{8EBC3D0A-F056-42BB-B18A-2FE18EAE5332}.Debug|Win32.Build.0 = Debug|Win32
		{8EBC3D0A-F056-42BB-B18A-2FE18EAE5332}.Release|Win32.ActiveCfg = Release|Win32
		{8EBC3D0A-F056-42BB-B18A-2FE18EAE5332}.Release|Win32.Build.0 = Release|Win32
		{DB592F77-25DC-4005-BD49-6D0E50303844}.Debug|Win32.ActiveCfg = Debug|Win32
		{DB592F77-25DC-4005-BD49-6D0E50303844}.Debug|Win32.Build.0 = Debug|Win32
		{DB592F77-25DC-4005-BD49-6D0E50303844}.Release|Win32.ActiveCfg = Release|Win32
		{DB592F77-25DC-4005-BD49-6D0E50303844}.Release|Win32.Build.0 = Release|Win32
		{95B74350-2DAB-4CA9-BAFB-A5EB264765A1}.Debug|Win32.ActiveCfg = Debug|Win32
		{95B74350-2DAB-4CA9-BAFB-A5EB264765A1}.Debug|Win32.Build.0 = Debug|Win32
		{95B74350-2DAB-4CA9-BAFB-A5EB264765A1}.Release|Win32.ActiveCfg = Release|Win32
		{95B74350-2DAB-4CA9-BAFB-A5EB264765A1}.Release|Win32.Build.0 = Release|Win32
		{B5D19969-5285-4B0E-B798-496A0B8DCA61}.Debug|Win32.ActiveCfg = Debug|Win32
		{B5D19969-5285-4B0E-B798-496A0B8DCA61}.Debug|Win32.Build.0 = Debug|Win32
		{B5D19969-5285-4B0E-B798-496A0B8DCA61}.Release|Win32.ActiveCfg = Release|Win32
		{B5D19969-5285-4B0E-B798-496A0B8DCA61}.Release|Win32.Build.0 = Release|Win32
		{0C43604F-08D6-490C-BDFD-1B6CACB59740}.Debug|Win32.ActiveCfg = Debug|Win32
		{0C43604F-08D6-490C-BDFD-1B6CACB59740}.Debug|Win32.Build.0 = Debug|Win32
		{0C43604F-08D6-490C-BDFD-1B6CACB59740}.Release|Win32.ActiveCfg = Release|Win32
		{0C43604F-08D6-490C-BDFD-1B6CACB59740}.Release|Win32.Build.0 = Release|Win32
		{4E58EE7D-2B4B-42F0-8578-A23883CA6C31}.Debug|Win32.ActiveCfg = Debug|Win32
		{4E58EE7D-2B4B-42F0-8578-A23883CA6C31}.Debug|Win32.Build.0 = Debug|Win32
		{4E58EE7D-2B4B-42F0-8578-A23883CA6C31}.Release|Win32.ActiveCfg = Release|Win32
		{4E58EE7D-2B4B-42F0-8578-A23883CA6C31}.Release|Win32.Build.0 = Release|Win32
		{43B53430-3C91-4A11-8A1F-5873AEEE0926}.Debug|Win32.ActiveCfg = Debug|Win32
		{43B53430-3C91-4A11-8A1F-5873AEEE0926}.Debug|Win32.Build.0 = Debug|Win32
		{43B53430-3C91-4A11-8A1F-5873AEEE0926}.Release|Win32.ActiveCfg = Release|Win32
		{43B53430-3C91-4A11-8A1F-5873AEEE0926}.Release|Win32.Build.0 = Release|Win32
		{D37BC2BB-E54F-4CA2-8CED-C8FCED4E57B9}.Debug|Win32.ActiveCfg = Debug|Win32
		{D37BC2BB-E54F-4CA2-8CED-C8FCED4E57B9}.Debug|Win32.Build.0 = Debug|Win32
		{D37BC2BB-E54F-4CA2-8CED-C8FCED4E57B9}.Release|Win32.ActiveCfg = Release|Win32
		{D37BC2BB-E54F-4CA2-8CED-C8FCED4E57B9}.Release|Win32.Build.0 = Release|Win32
		{86D28D9A-2D6A-49A3-A790-275C0CAE14C9}.Debug|Win32.ActiveCfg = Debug|Win32
		{86D28D9A-2D6A-49A3-A790-275C0CAE14C9}.Debug|Win32.Build.0 = Debug|Win32
		{86D28D9A-2D6A-49A3-A790-275C0CAE14C9}.Release|Win32.ActiveCfg = Release|Win32
		{86D28D9A-2D6A-49A3-A790-275C0CAE14C9}.Release|Win32.Build.0 = Release|Win32
		{5638CD25-87F7-4A22-AF6D-EBECCD26B35B}.Debug|Win32.ActiveCfg = Debug|Win32
		{5638CD25-87F7-4A22-AF6D-EBECCD26B35B}.Debug|Win32.Build.0 = Debug|Win32
		{5638CD25-87F7-4A22-AF6D-EBECCD26B35B}.Release|Win32.ActiveCfg = Release|Win32
		{5638CD25-87F7-4A22-AF6D-EBECCD26B35B}.Release|Win32.Build.0 = Release|Win32
		{DFDB8804-5D6C-448F-A935-DD85629E0554}.Debug|Win32.ActiveCfg = Debug|Win32
		{DFDB8804-5D6C-448F-A935-DD85629E0554}.Debug|Win32.Build.0 = Debug|Win32
		{DFDB8804-5D6C-448F-A935-DD85629E0554}.Release|Win32.ActiveCfg = Release|Win32
		{DFDB8804-5D6C-448F-A935-DD85629E0554}.Release|Win32.Build.0 = Release|Win32
		{B3EB374E-A3C5-4C69-BAE5-B1030288E3B0}.Debug|Win32.ActiveCfg = Debug|Win32
		{B3EB374E-A3C5-4C69-BAE5-B1030288E3B0}.Debug|Win32.Build.0 = Debug|Win32
		{B3EB374E-A3C5-4C69-BAE5-B1030288E3B0}.Release|Win32.ActiveCfg = Release|Win32
		{B3EB374E-A3C5-4C69-BAE5-B1030288E3B0}.Release|Win32.Build.0 = Release|Win32
		{87116D0C-E498-4193-9F2D-301A8771B77D}.Debug|Win32.ActiveCfg = Debug|Win32
		{87116D0C-E498-4193-9F2D-301A8771B77D}.Debug|Win32.Build.0 = Debug|Win32
		{87116D0C-E498-4193-9F2D-301A8771B77D}.Release|Win32.ActiveCfg = Release|Win32
		{87116D0C-E498-4193-9F2D-301A8771B77D}.Release|Win32.Build.0 = Release|Win32
		{5C28B5F4-0523-4811-920D-3DB1D3D8CAAA}.Debug|Win32.ActiveCfg = Debug|Win32
		{5C28B5F4-0523-4811-920D-3DB1D3D8CAAA}.Debug|Win32.Build.0 = Debug|Win32
		{5C28B5F4-0523-4811-920D-3DB1D3D8CAAA}.Release|Win32.ActiveCfg = Release|Win32
		{5C28B5F4-0523-4811-920D-3DB1D3D8CAAA}.Release|Win32.Build.0 = Release|Win32
		{45C674C0-193D-47AF-B9E0-61A4DE57D3E0}.Debug|Win32.ActiveCfg = Debug|Win32
		{45C674C0-193D-47AF-B9E0-61A4DE57D3E0}.Debug|Win32.Build.0 = Debug|Win32
		{45C674C0-193D-47AF-B9E0-61A4DE57D3E0}.Release|Win32.ActiveCfg = Release|Win32
		{45C674C0-193D-47AF-B9E0-61A4DE57D3E0}.Release|Win32.Build.0 = Release|Win32
		{7192CF83-B08C-4387-A869-FD1970167115}.Debug|Win32.ActiveCfg = Debug|Win32
		{7192CF83-B08C-4387-A869-FD1970167115}.Debug|Win32.Build.0 = Debug|Win32
		{7192CF83-B08C-4387-A869-FD1970167115}.Release|Win32.ActiveCfg = Release|Win32
		{7192CF83-B08C-4387-A869-FD1970167115}.Release|Win32.Build.0 = Release|Win32
		{D1115CD8-3810-48B0-8A21-F695016C3557}.Debug|Win32.ActiveCfg = Debug|Win32
		{D1115CD8-3810-48B0-8A21-F695016C3557}.Debug|Win32.Build.0 = Debug|Win32
		{D1115CD8-3810-48B0-8A21-F695016C3557}.Release|Win32.ActiveCfg = Release|Win32
		{D1115CD8-3810-48B0-8A21-F695016C3557}.Release|Win32.Build.0 = Release|Win32
	EndGlobalSection
	GlobalSection(SolutionProperties) = preSolution
		HideSolutionNode = FALSE
	EndGlobalSection
EndGlobal
