
Microsoft Visual Studio Solution File, Format Version 11.00
# Visual Studio 2010
Project("{FAE04EC0-301F-11D3-BF4B-00C04F79EFBC}") = "Sword", "Sword.csproj", "{EFEE3557-86F2-4E46-AF7E-8BADEE240764}"
EndProject
Project("{FAE04EC0-301F-11D3-BF4B-00C04F79EFBC}") = "Sword.Tests", "tests\Sword.Tests.csproj", "{72212684-1186-4F68-8FBD-BDBFDB8CC9BC}"
EndProject
Project("{FAE04EC0-301F-11D3-BF4B-00C04F79EFBC}") = "LookupExample", "examples\LookupExample.csproj", "{60F12DE9-FBC5-42B1-8341-9AB097D661AE}"
EndProject
Global
	GlobalSection(SolutionConfigurationPlatforms) = preSolution
		Debug|Any CPU = Debug|Any CPU
		Release|Any CPU = Release|Any CPU
	EndGlobalSection
	GlobalSection(ProjectConfigurationPlatforms) = postSolution
		{60F12DE9-FBC5-42B1-8341-9AB097D661AE}.Debug|Any CPU.ActiveCfg = Debug|Any CPU
		{60F12DE9-FBC5-42B1-8341-9AB097D661AE}.Debug|Any CPU.Build.0 = Debug|Any CPU
		{60F12DE9-FBC5-42B1-8341-9AB097D661AE}.Release|Any CPU.ActiveCfg = Release|Any CPU
		{60F12DE9-FBC5-42B1-8341-9AB097D661AE}.Release|Any CPU.Build.0 = Release|Any CPU
		{72212684-1186-4F68-8FBD-BDBFDB8CC9BC}.Debug|Any CPU.ActiveCfg = Debug|Any CPU
		{72212684-1186-4F68-8FBD-BDBFDB8CC9BC}.Debug|Any CPU.Build.0 = Debug|Any CPU
		{72212684-1186-4F68-8FBD-BDBFDB8CC9BC}.Release|Any CPU.ActiveCfg = Release|Any CPU
		{72212684-1186-4F68-8FBD-BDBFDB8CC9BC}.Release|Any CPU.Build.0 = Release|Any CPU
		{EFEE3557-86F2-4E46-AF7E-8BADEE240764}.Debug|Any CPU.ActiveCfg = Debug|Any CPU
		{EFEE3557-86F2-4E46-AF7E-8BADEE240764}.Debug|Any CPU.Build.0 = Debug|Any CPU
		{EFEE3557-86F2-4E46-AF7E-8BADEE240764}.Release|Any CPU.ActiveCfg = Release|Any CPU
		{EFEE3557-86F2-4E46-AF7E-8BADEE240764}.Release|Any CPU.Build.0 = Release|Any CPU
	EndGlobalSection
	GlobalSection(MonoDevelopProperties) = preSolution
		StartupItem = Sword.csproj
		Policies = $0
		$0.DotNetNamingPolicy = $1
		$1.DirectoryNamespaceAssociation = None
		$1.ResourceNamePolicy = FileFormatDefault
		$0.StandardHeader = $2
		$2.Text = @Copyright 2002-2014 CrossWire Bible Society (http://www.crosswire.org)\n \tCrossWire Bible Society\n \tP. O. Box 2528\n \tTempe, AZ  85280-2528\n \n This program is free software; you can redistribute it and/or modify it\n under the terms of the GNU General Public License as published by the\n Free Software Foundation version 2.\n \n This program is distributed in the hope that it will be useful, but\n WITHOUT ANY WARRANTY; without even the implied warranty of\n MERCHANTABILITY or FITNESS FOR A PARTICULAR PURPOSE.  See the GNU\n General Public License for more details.
		$2.IncludeInNewFiles = True
	EndGlobalSection
EndGlobal
